
Microsoft Visual Studio Solution File, Format Version 12.00
# Visual Studio 15
VisualStudioVersion = 15.0.28307.271
MinimumVisualStudioVersion = 10.0.40219.1
Project("{FAE04EC0-301F-11D3-BF4B-00C04F79EFBC}") = "ESDAHRMSystem", "ESDAHRMSystem\ESDAHRMSystem.csproj", "{5919C6E1-6751-4C12-998A-2A1CB0FF306F}"
EndProject
Project("{FAE04EC0-301F-11D3-BF4B-00C04F79EFBC}") = "ESDAData", "ESDAData\ESDAData.csproj", "{9C5E903A-1B7A-4C20-A91D-224F7DAFE418}"
EndProject
Global
	GlobalSection(SolutionConfigurationPlatforms) = preSolution
		Debug|Any CPU = Debug|Any CPU
		Release|Any CPU = Release|Any CPU
	EndGlobalSection
	GlobalSection(ProjectConfigurationPlatforms) = postSolution
		{5919C6E1-6751-4C12-998A-2A1CB0FF306F}.Debug|Any CPU.ActiveCfg = Debug|Any CPU
		{5919C6E1-6751-4C12-998A-2A1CB0FF306F}.Debug|Any CPU.Build.0 = Debug|Any CPU
		{5919C6E1-6751-4C12-998A-2A1CB0FF306F}.Release|Any CPU.ActiveCfg = Release|Any CPU
		{5919C6E1-6751-4C12-998A-2A1CB0FF306F}.Release|Any CPU.Build.0 = Release|Any CPU
		{9C5E903A-1B7A-4C20-A91D-224F7DAFE418}.Debug|Any CPU.ActiveCfg = Debug|Any CPU
		{9C5E903A-1B7A-4C20-A91D-224F7DAFE418}.Debug|Any CPU.Build.0 = Debug|Any CPU
		{9C5E903A-1B7A-4C20-A91D-224F7DAFE418}.Release|Any CPU.ActiveCfg = Release|Any CPU
		{9C5E903A-1B7A-4C20-A91D-224F7DAFE418}.Release|Any CPU.Build.0 = Release|Any CPU
	EndGlobalSection
	GlobalSection(SolutionProperties) = preSolution
		HideSolutionNode = FALSE
	EndGlobalSection
	GlobalSection(ExtensibilityGlobals) = postSolution
		SolutionGuid = {AE109E0D-3D77-4700-A2A8-F106CF0528C0}
	EndGlobalSection
EndGlobal
